
Microsoft Visual Studio Solution File, Format Version 12.00
# Visual Studio Version 16
VisualStudioVersion = 16.0.32630.194
MinimumVisualStudioVersion = 10.0.40219.1
Project("{FAE04EC0-301F-11D3-BF4B-00C04F79EFBC}") = "DCTUninstaller", "DCTUninstaller\DCTUninstaller.csproj", "{0E09B404-4984-438A-83C5-BD8D72743F05}"
EndProject
Project("{FAE04EC0-301F-11D3-BF4B-00C04F79EFBC}") = "DCTClient", "DCTClient\DCTClient.csproj", "{01DDDCF7-FC6D-4CC1-88FD-9537275C41C6}"
EndProject
Project("{FAE04EC0-301F-11D3-BF4B-00C04F79EFBC}") = "DCTLib", "DCTLib\DCTLib.csproj", "{34091CE6-BAB5-43D5-A079-C6441D4EE5D3}"
EndProject
Project("{FAE04EC0-301F-11D3-BF4B-00C04F79EFBC}") = "DCTGM", "DCTGM\DCTGM.csproj", "{C639CF36-FC1C-4014-B1AA-FF4218B30BCD}"
EndProject
Global
	GlobalSection(SolutionConfigurationPlatforms) = preSolution
		Debug|Any CPU = Debug|Any CPU
		Release|Any CPU = Release|Any CPU
	EndGlobalSection
	GlobalSection(ProjectConfigurationPlatforms) = postSolution
		{0E09B404-4984-438A-83C5-BD8D72743F05}.Debug|Any CPU.ActiveCfg = Debug|Any CPU
		{0E09B404-4984-438A-83C5-BD8D72743F05}.Debug|Any CPU.Build.0 = Debug|Any CPU
		{0E09B404-4984-438A-83C5-BD8D72743F05}.Release|Any CPU.ActiveCfg = Release|Any CPU
		{0E09B404-4984-438A-83C5-BD8D72743F05}.Release|Any CPU.Build.0 = Release|Any CPU
		{01DDDCF7-FC6D-4CC1-88FD-9537275C41C6}.Debug|Any CPU.ActiveCfg = Debug|Any CPU
		{01DDDCF7-FC6D-4CC1-88FD-9537275C41C6}.Debug|Any CPU.Build.0 = Debug|Any CPU
		{01DDDCF7-FC6D-4CC1-88FD-9537275C41C6}.Release|Any CPU.ActiveCfg = Release|Any CPU
		{01DDDCF7-FC6D-4CC1-88FD-9537275C41C6}.Release|Any CPU.Build.0 = Release|Any CPU
		{34091CE6-BAB5-43D5-A079-C6441D4EE5D3}.Debug|Any CPU.ActiveCfg = Debug|Any CPU
		{34091CE6-BAB5-43D5-A079-C6441D4EE5D3}.Debug|Any CPU.Build.0 = Debug|Any CPU
		{34091CE6-BAB5-43D5-A079-C6441D4EE5D3}.Release|Any CPU.ActiveCfg = Release|Any CPU
		{34091CE6-BAB5-43D5-A079-C6441D4EE5D3}.Release|Any CPU.Build.0 = Release|Any CPU
		{C639CF36-FC1C-4014-B1AA-FF4218B30BCD}.Debug|Any CPU.ActiveCfg = Debug|Any CPU
		{C639CF36-FC1C-4014-B1AA-FF4218B30BCD}.Debug|Any CPU.Build.0 = Debug|Any CPU
		{C639CF36-FC1C-4014-B1AA-FF4218B30BCD}.Release|Any CPU.ActiveCfg = Release|Any CPU
		{C639CF36-FC1C-4014-B1AA-FF4218B30BCD}.Release|Any CPU.Build.0 = Release|Any CPU
	EndGlobalSection
	GlobalSection(SolutionProperties) = preSolution
		HideSolutionNode = FALSE
	EndGlobalSection
	GlobalSection(ExtensibilityGlobals) = postSolution
		SolutionGuid = {8AE06218-212E-48E9-B296-BF28F7858817}
	EndGlobalSection
EndGlobal
